PODS:
  - Alamofire (5.7.1)
  - FittedSheets (2.5.3)
  - lottie-ios (4.2.0)

DEPENDENCIES:
  - Alamofire
  - FittedSheets
  - lottie-ios

SPEC REPOS:
  trunk:
    - Alamofire
    - FittedSheets
    - lottie-ios

SPEC CHECKSUMS:
  Alamofire: 0123a34370cb170936ae79a8df46cc62b2edeb88
  FittedSheets: c22df4c06036515f247951fa174912e8a65c8ce4
  lottie-ios: 809ecf2d460ed650a6aed7aa88b2ec45fab4779c

PODFILE CHECKSUM: 6e795eef7774d1428fae37bbcf98cbd1260ba84d

COCOAPODS: 1.12.1
